
Microsoft Visual Studio Solution File, Format Version 12.00
# Visual Studio Version 17
VisualStudioVersion = 17.12.35527.113
MinimumVisualStudioVersion = 10.0.40219.1
Project("{FAE04EC0-301F-11D3-BF4B-00C04F79EFBC}") = "SMS.Data", "SMS.Data\SMS.Data.csproj", "{2616D1DF-96B2-46DE-8AD0-E3C1B5024954}"
EndProject
Project("{FAE04EC0-301F-11D3-BF4B-00C04F79EFBC}") = "CMS.Backend", "CMS.Backend\CMS.Backend.csproj", "{DE348F70-A0E8-4490-BA96-34A150225D19}"
EndProject
Global
	GlobalSection(SolutionConfigurationPlatforms) = preSolution
		Debug|Any CPU = Debug|Any CPU
		Release|Any CPU = Release|Any CPU
	EndGlobalSection
	GlobalSection(ProjectConfigurationPlatforms) = postSolution
		{2616D1DF-96B2-46DE-8AD0-E3C1B5024954}.Debug|Any CPU.ActiveCfg = Debug|Any CPU
		{2616D1DF-96B2-46DE-8AD0-E3C1B5024954}.Debug|Any CPU.Build.0 = Debug|Any CPU
		{2616D1DF-96B2-46DE-8AD0-E3C1B5024954}.Release|Any CPU.ActiveCfg = Release|Any CPU
		{2616D1DF-96B2-46DE-8AD0-E3C1B5024954}.Release|Any CPU.Build.0 = Release|Any CPU
		{DE348F70-A0E8-4490-BA96-34A150225D19}.Debug|Any CPU.ActiveCfg = Debug|Any CPU
		{DE348F70-A0E8-4490-BA96-34A150225D19}.Debug|Any CPU.Build.0 = Debug|Any CPU
		{DE348F70-A0E8-4490-BA96-34A150225D19}.Release|Any CPU.ActiveCfg = Release|Any CPU
		{DE348F70-A0E8-4490-BA96-34A150225D19}.Release|Any CPU.Build.0 = Release|Any CPU
	EndGlobalSection
	GlobalSection(SolutionProperties) = preSolution
		HideSolutionNode = FALSE
	EndGlobalSection
EndGlobal
